// !$*UTF8*$!
{
	archiveVersion = 1;
	classes = {
	};
	objectVersion = 46;
	objects = {

/* Begin PBXBuildFile section */
		4713BBD21CB0611A00D7F000 /* 1459619495040.png in Resources */ = {isa = PBXBuildFile; fileRef = 4713BBD11CB0611A00D7F000 /* 1459619495040.png */; };
		4713BBD81CB06AD900D7F000 /* DSC_3489.jpg in Resources */ = {isa = PBXBuildFile; fileRef = 4713BBD31CB06AD900D7F000 /* DSC_3489.jpg */; };
		4713BBD91CB06AD900D7F000 /* IMG_0808-1.JPG in Resources */ = {isa = PBXBuildFile; fileRef = 4713BBD41CB06AD900D7F000 /* IMG_0808-1.JPG */; };
		4713BBDA1CB06AD900D7F000 /* IMG_0811-1.JPG in Resources */ = {isa = PBXBuildFile; fileRef = 4713BBD51CB06AD900D7F000 /* IMG_0811-1.JPG */; };
		4713BBDB1CB06AD900D7F000 /* IMG_7977.JPG in Resources */ = {isa = PBXBuildFile; fileRef = 4713BBD61CB06AD900D7F000 /* IMG_7977.JPG */; };
		4713BBDC1CB06AD900D7F000 /* MSSL-0564.jpg in Resources */ = {isa = PBXBuildFile; fileRef = 4713BBD71CB06AD900D7F000 /* MSSL-0564.jpg */; };
		47A062991CAF820500737BD3 /* SWRevealViewController.m in Sources */ = {isa = PBXBuildFile; fileRef = 47A062981CAF820500737BD3 /* SWRevealViewController.m */; };
		47A2F8E61CAF723D0043E1A9 /* AppDelegate.swift in Sources */ = {isa = PBXBuildFile; fileRef = 47A2F8E51CAF723D0043E1A9 /* AppDelegate.swift */; };
		47A2F8EB1CAF723D0043E1A9 /* Main.storyboard in Resources */ = {isa = PBXBuildFile; fileRef = 47A2F8E91CAF723D0043E1A9 /* Main.storyboard */; };
		47A2F8ED1CAF723D0043E1A9 /* Assets.xcassets in Resources */ = {isa = PBXBuildFile; fileRef = 47A2F8EC1CAF723D0043E1A9 /* Assets.xcassets */; };
		47A2F8F01CAF723D0043E1A9 /* LaunchScreen.storyboard in Resources */ = {isa = PBXBuildFile; fileRef = 47A2F8EE1CAF723D0043E1A9 /* LaunchScreen.storyboard */; };
		47A2F8FE1CAF775C0043E1A9 /* HomeViewController.swift in Sources */ = {isa = PBXBuildFile; fileRef = 47A2F8FD1CAF775C0043E1A9 /* HomeViewController.swift */; };
		47A2F9011CAF77920043E1A9 /* FilmViewController.swift in Sources */ = {isa = PBXBuildFile; fileRef = 47A2F9001CAF77920043E1A9 /* FilmViewController.swift */; };
		47A2F9031CAF77AC0043E1A9 /* PhotoViewController.swift in Sources */ = {isa = PBXBuildFile; fileRef = 47A2F9021CAF77AC0043E1A9 /* PhotoViewController.swift */; };
		47A8506F1CB0A0D600769849 /* ServiesViewController.swift in Sources */ = {isa = PBXBuildFile; fileRef = 47A8506E1CB0A0D600769849 /* ServiesViewController.swift */; };
		47A850711CB0A2D500769849 /* DSC_8455.jpg in Resources */ = {isa = PBXBuildFile; fileRef = 47A850701CB0A2D500769849 /* DSC_8455.jpg */; };
		47A850731CB0A5B900769849 /* AboutViewController.swift in Sources */ = {isa = PBXBuildFile; fileRef = 47A850721CB0A5B900769849 /* AboutViewController.swift */; };
		47A850761CB0A6D900769849 /* ping-1.jpg in Resources */ = {isa = PBXBuildFile; fileRef = 47A850741CB0A6D900769849 /* ping-1.jpg */; };
		47A850771CB0A6D900769849 /* tmldr-14.jpg in Resources */ = {isa = PBXBuildFile; fileRef = 47A850751CB0A6D900769849 /* tmldr-14.jpg */; };
/* End PBXBuildFile section */

/* Begin PBXFileReference section */
		4713BBD11CB0611A00D7F000 /* 1459619495040.png */ = {isa = PBXFileReference; lastKnownFileType = image.png; path = 1459619495040.png; sourceTree = "<group>"; };
		4713BBD31CB06AD900D7F000 /* DSC_3489.jpg */ = {isa = PBXFileReference; lastKnownFileType = image.jpeg; path = DSC_3489.jpg; sourceTree = "<group>"; };
		4713BBD41CB06AD900D7F000 /* IMG_0808-1.JPG */ = {isa = PBXFileReference; lastKnownFileType = image.jpeg; path = "IMG_0808-1.JPG"; sourceTree = "<group>"; };
		4713BBD51CB06AD900D7F000 /* IMG_0811-1.JPG */ = {isa = PBXFileReference; lastKnownFileType = image.jpeg; path = "IMG_0811-1.JPG"; sourceTree = "<group>"; };
		4713BBD61CB06AD900D7F000 /* IMG_7977.JPG */ = {isa = PBXFileReference; lastKnownFileType = image.jpeg; path = IMG_7977.JPG; sourceTree = "<group>"; };
		4713BBD71CB06AD900D7F000 /* MSSL-0564.jpg */ = {isa = PBXFileReference; lastKnownFileType = image.jpeg; path = "MSSL-0564.jpg"; sourceTree = "<group>"; };
		47A062971CAF820500737BD3 /* SWRevealViewController.h */ = {isa = PBXFileReference; fileEncoding = 4; lastKnownFileType = sourcecode.c.h; name = SWRevealViewController.h; path = ../SWRevealViewController.h; sourceTree = "<group>"; };
		47A062981CAF820500737BD3 /* SWRevealViewController.m */ = {isa = PBXFileReference; fileEncoding = 4; lastKnownFileType = sourcecode.c.objc; name = SWRevealViewController.m; path = ../SWRevealViewController.m; sourceTree = "<group>"; };
		47A2F8E21CAF723D0043E1A9 /* siyman.app */ = {isa = PBXFileReference; explicitFileType = wrapper.application; includeInIndex = 0; path = siyman.app; sourceTree = BUILT_PRODUCTS_DIR; };
		47A2F8E51CAF723D0043E1A9 /* AppDelegate.swift */ = {isa = PBXFileReference; lastKnownFileType = sourcecode.swift; path = AppDelegate.swift; sourceTree = "<group>"; };
		47A2F8EA1CAF723D0043E1A9 /* Base */ = {isa = PBXFileReference; lastKnownFileType = file.storyboard; name = Base; path = Base.lproj/Main.storyboard; sourceTree = "<group>"; };
		47A2F8EC1CAF723D0043E1A9 /* Assets.xcassets */ = {isa = PBXFileReference; lastKnownFileType = folder.assetcatalog; path = Assets.xcassets; sourceTree = "<group>"; };
		47A2F8EF1CAF723D0043E1A9 /* Base */ = {isa = PBXFileReference; lastKnownFileType = file.storyboard; name = Base; path = Base.lproj/LaunchScreen.storyboard; sourceTree = "<group>"; };
		47A2F8F11CAF723D0043E1A9 /* Info.plist */ = {isa = PBXFileReference; lastKnownFileType = text.plist.xml; path = Info.plist; sourceTree = "<group>"; };
		47A2F8F71CAF72B90043E1A9 /* siyman-Bridging-Header.h */ = {isa = PBXFileReference; lastKnownFileType = sourcecode.c.h; path = "siyman-Bridging-Header.h"; sourceTree = "<group>"; };
		47A2F8FD1CAF775C0043E1A9 /* HomeViewController.swift */ = {isa = PBXFileReference; fileEncoding = 4; lastKnownFileType = sourcecode.swift; name = HomeViewController.swift; path = ../HomeViewController.swift; sourceTree = "<group>"; };
		47A2F9001CAF77920043E1A9 /* FilmViewController.swift */ = {isa = PBXFileReference; fileEncoding = 4; lastKnownFileType = sourcecode.swift; name = FilmViewController.swift; path = ../FilmViewController.swift; sourceTree = "<group>"; };
		47A2F9021CAF77AC0043E1A9 /* PhotoViewController.swift */ = {isa = PBXFileReference; fileEncoding = 4; lastKnownFileType = sourcecode.swift; name = PhotoViewController.swift; path = ../PhotoViewController.swift; sourceTree = "<group>"; };
		47A8506E1CB0A0D600769849 /* ServiesViewController.swift */ = {isa = PBXFileReference; fileEncoding = 4; lastKnownFileType = sourcecode.swift; path = ServiesViewController.swift; sourceTree = "<group>"; };
		47A850701CB0A2D500769849 /* DSC_8455.jpg */ = {isa = PBXFileReference; lastKnownFileType = image.jpeg; path = DSC_8455.jpg; sourceTree = "<group>"; };
		47A850721CB0A5B900769849 /* AboutViewController.swift */ = {isa = PBXFileReference; fileEncoding = 4; lastKnownFileType = sourcecode.swift; path = AboutViewController.swift; sourceTree = "<group>"; };
		47A850741CB0A6D900769849 /* ping-1.jpg */ = {isa = PBXFileReference; lastKnownFileType = image.jpeg; path = "ping-1.jpg"; sourceTree = "<group>"; };
		47A850751CB0A6D900769849 /* tmldr-14.jpg */ = {isa = PBXFileReference; lastKnownFileType = image.jpeg; path = "tmldr-14.jpg"; sourceTree = "<group>"; };
/* End PBXFileReference section */

/* Begin PBXFrameworksBuildPhase section */
		47A2F8DF1CAF723D0043E1A9 /* Frameworks */ = {
			isa = PBXFrameworksBuildPhase;
			buildActionMask = 2147483647;
			files = (
			);
			runOnlyForDeploymentPostprocessing = 0;
		};
/* End PBXFrameworksBuildPhase section */

/* Begin PBXGroup section */
		4713BBDD1CB06BB000D7F000 /* Photos */ = {
			isa = PBXGroup;
			children = (
				47A850741CB0A6D900769849 /* ping-1.jpg */,
				47A850751CB0A6D900769849 /* tmldr-14.jpg */,
				47A850701CB0A2D500769849 /* DSC_8455.jpg */,
				4713BBD11CB0611A00D7F000 /* 1459619495040.png */,
				4713BBD31CB06AD900D7F000 /* DSC_3489.jpg */,
				4713BBD41CB06AD900D7F000 /* IMG_0808-1.JPG */,
				4713BBD51CB06AD900D7F000 /* IMG_0811-1.JPG */,
				4713BBD61CB06AD900D7F000 /* IMG_7977.JPG */,
				4713BBD71CB06AD900D7F000 /* MSSL-0564.jpg */,
			);
			name = Photos;
			sourceTree = "<group>";
		};
		47A2F8D91CAF723D0043E1A9 = {
			isa = PBXGroup;
			children = (
				47A2F8E41CAF723D0043E1A9 /* siyman */,
				47A2F8E31CAF723D0043E1A9 /* Products */,
			);
			sourceTree = "<group>";
		};
		47A2F8E31CAF723D0043E1A9 /* Products */ = {
			isa = PBXGroup;
			children = (
				47A2F8E21CAF723D0043E1A9 /* siyman.app */,
			);
			name = Products;
			sourceTree = "<group>";
		};
		47A2F8E41CAF723D0043E1A9 /* siyman */ = {
			isa = PBXGroup;
			children = (
				47A2F8E91CAF723D0043E1A9 /* Main.storyboard */,
				47A2F8FF1CAF77710043E1A9 /* View Controllers */,
				47A2F8FB1CAF72C30043E1A9 /* Supporting Files */,
			);
			path = siyman;
			sourceTree = "<group>";
		};
		47A2F8FB1CAF72C30043E1A9 /* Supporting Files */ = {
			isa = PBXGroup;
			children = (
				4713BBDD1CB06BB000D7F000 /* Photos */,
				47A2F8FC1CAF72E50043E1A9 /* Libraries */,
				47A2F8EC1CAF723D0043E1A9 /* Assets.xcassets */,
				47A2F8E51CAF723D0043E1A9 /* AppDelegate.swift */,
				47A2F8EE1CAF723D0043E1A9 /* LaunchScreen.storyboard */,
				47A2F8F11CAF723D0043E1A9 /* Info.plist */,
				47A2F8F71CAF72B90043E1A9 /* siyman-Bridging-Header.h */,
			);
			name = "Supporting Files";
			sourceTree = "<group>";
		};
		47A2F8FC1CAF72E50043E1A9 /* Libraries */ = {
			isa = PBXGroup;
			children = (
				47A062971CAF820500737BD3 /* SWRevealViewController.h */,
				47A062981CAF820500737BD3 /* SWRevealViewController.m */,
			);
			name = Libraries;
			sourceTree = "<group>";
		};
		47A2F8FF1CAF77710043E1A9 /* View Controllers */ = {
			isa = PBXGroup;
			children = (
				47A2F9021CAF77AC0043E1A9 /* PhotoViewController.swift */,
				47A2F9001CAF77920043E1A9 /* FilmViewController.swift */,
				47A2F8FD1CAF775C0043E1A9 /* HomeViewController.swift */,
				47A8506E1CB0A0D600769849 /* ServiesViewController.swift */,
				47A850721CB0A5B900769849 /* AboutViewController.swift */,
			);
			name = "View Controllers";
			sourceTree = "<group>";
		};
/* End PBXGroup section */

/* Begin PBXNativeTarget section */
		47A2F8E11CAF723D0043E1A9 /* siyman */ = {
			isa = PBXNativeTarget;
			buildConfigurationList = 47A2F8F41CAF723D0043E1A9 /* Build configuration list for PBXNativeTarget "siyman" */;
			buildPhases = (
				47A2F8DE1CAF723D0043E1A9 /* Sources */,
				47A2F8DF1CAF723D0043E1A9 /* Frameworks */,
				47A2F8E01CAF723D0043E1A9 /* Resources */,
			);
			buildRules = (
			);
			dependencies = (
			);
			name = siyman;
			productName = siyman;
			productReference = 47A2F8E21CAF723D0043E1A9 /* siyman.app */;
			productType = "com.apple.product-type.application";
		};
/* End PBXNativeTarget section */

/* Begin PBXProject section */
		47A2F8DA1CAF723D0043E1A9 /* Project object */ = {
			isa = PBXProject;
			attributes = {
				LastSwiftUpdateCheck = 0730;
				LastUpgradeCheck = 0730;
				ORGANIZATIONNAME = "John Peden";
				TargetAttributes = {
					47A2F8E11CAF723D0043E1A9 = {
						CreatedOnToolsVersion = 7.3;
						DevelopmentTeam = 26V332SYBX;
					};
				};
			};
			buildConfigurationList = 47A2F8DD1CAF723D0043E1A9 /* Build configuration list for PBXProject "siyman" */;
			compatibilityVersion = "Xcode 3.2";
			developmentRegion = English;
			hasScannedForEncodings = 0;
			knownRegions = (
				en,
				Base,
			);
			mainGroup = 47A2F8D91CAF723D0043E1A9;
			productRefGroup = 47A2F8E31CAF723D0043E1A9 /* Products */;
			projectDirPath = "";
			projectRoot = "";
			targets = (
				47A2F8E11CAF723D0043E1A9 /* siyman */,
			);
		};
/* End PBXProject section */

/* Begin PBXResourcesBuildPhase section */
		47A2F8E01CAF723D0043E1A9 /* Resources */ = {
			isa = PBXResourcesBuildPhase;
			buildActionMask = 2147483647;
			files = (
				47A850761CB0A6D900769849 /* ping-1.jpg in Resources */,
				4713BBDA1CB06AD900D7F000 /* IMG_0811-1.JPG in Resources */,
				47A2F8F01CAF723D0043E1A9 /* LaunchScreen.storyboard in Resources */,
				4713BBDC1CB06AD900D7F000 /* MSSL-0564.jpg in Resources */,
				4713BBD81CB06AD900D7F000 /* DSC_3489.jpg in Resources */,
				47A850711CB0A2D500769849 /* DSC_8455.jpg in Resources */,
				4713BBD21CB0611A00D7F000 /* 1459619495040.png in Resources */,
				4713BBD91CB06AD900D7F000 /* IMG_0808-1.JPG in Resources */,
				47A850771CB0A6D900769849 /* tmldr-14.jpg in Resources */,
				4713BBDB1CB06AD900D7F000 /* IMG_7977.JPG in Resources */,
				47A2F8ED1CAF723D0043E1A9 /* Assets.xcassets in Resources */,
				47A2F8EB1CAF723D0043E1A9 /* Main.storyboard in Resources */,
			);
			runOnlyForDeploymentPostprocessing = 0;
		};
/* End PBXResourcesBuildPhase section */

/* Begin PBXSourcesBuildPhase section */
		47A2F8DE1CAF723D0043E1A9 /* Sources */ = {
			isa = PBXSourcesBuildPhase;
			buildActionMask = 2147483647;
			files = (
				47A2F9011CAF77920043E1A9 /* FilmViewController.swift in Sources */,
				47A2F9031CAF77AC0043E1A9 /* PhotoViewController.swift in Sources */,
				47A8506F1CB0A0D600769849 /* ServiesViewController.swift in Sources */,
				47A850731CB0A5B900769849 /* AboutViewController.swift in Sources */,
				47A062991CAF820500737BD3 /* SWRevealViewController.m in Sources */,
				47A2F8E61CAF723D0043E1A9 /* AppDelegate.swift in Sources */,
				47A2F8FE1CAF775C0043E1A9 /* HomeViewController.swift in Sources */,
			);
			runOnlyForDeploymentPostprocessing = 0;
		};
/* End PBXSourcesBuildPhase section */

/* Begin PBXVariantGroup section */
		47A2F8E91CAF723D0043E1A9 /* Main.storyboard */ = {
			isa = PBXVariantGroup;
			children = (
				47A2F8EA1CAF723D0043E1A9 /* Base */,
			);
			name = Main.storyboard;
			sourceTree = "<group>";
		};
		47A2F8EE1CAF723D0043E1A9 /* LaunchScreen.storyboard */ = {
			isa = PBXVariantGroup;
			children = (
				47A2F8EF1CAF723D0043E1A9 /* Base */,
			);
			name = LaunchScreen.storyboard;
			sourceTree = "<group>";
		};
/* End PBXVariantGroup section */

/* Begin XCBuildConfiguration section */
		47A2F8F21CAF723D0043E1A9 /* Debug */ = {
			isa = XCBuildConfiguration;
			buildSettings = {
				ALWAYS_SEARCH_USER_PATHS = NO;
				CLANG_ANALYZER_NONNULL = YES;
				CLANG_CXX_LANGUAGE_STANDARD = "gnu++0x";
				CLANG_CXX_LIBRARY = "libc++";
				CLANG_ENABLE_MODULES = YES;
				CLANG_ENABLE_OBJC_ARC = YES;
				CLANG_WARN_BOOL_CONVERSION = YES;
				CLANG_WARN_CONSTANT_CONVERSION = YES;
				CLANG_WARN_DIRECT_OBJC_ISA_USAGE = YES_ERROR;
				CLANG_WARN_EMPTY_BODY = YES;
				CLANG_WARN_ENUM_CONVERSION = YES;
				CLANG_WARN_INT_CONVERSION = YES;
				CLANG_WARN_OBJC_ROOT_CLASS = YES_ERROR;
				CLANG_WARN_UNREACHABLE_CODE = YES;
				CLANG_WARN__DUPLICATE_METHOD_MATCH = YES;
				"CODE_SIGN_IDENTITY[sdk=iphoneos*]" = "iPhone Developer";
				COPY_PHASE_STRIP = NO;
				DEBUG_INFORMATION_FORMAT = dwarf;
				ENABLE_STRICT_OBJC_MSGSEND = YES;
				ENABLE_TESTABILITY = YES;
				GCC_C_LANGUAGE_STANDARD = gnu99;
				GCC_DYNAMIC_NO_PIC = NO;
				GCC_NO_COMMON_BLOCKS = YES;
				GCC_OPTIMIZATION_LEVEL = 0;
				GCC_PREPROCESSOR_DEFINITIONS = (
					"DEBUG=1",
					"$(inherited)",
				);
				GCC_WARN_64_TO_32_BIT_CONVERSION = YES;
				GCC_WARN_ABOUT_RETURN_TYPE = YES_ERROR;
				GCC_WARN_UNDECLARED_SELECTOR = YES;
				GCC_WARN_UNINITIALIZED_AUTOS = YES_AGGRESSIVE;
				GCC_WARN_UNUSED_FUNCTION = YES;
				GCC_WARN_UNUSED_VARIABLE = YES;
				IPHONEOS_DEPLOYMENT_TARGET = 9.3;
				MTL_ENABLE_DEBUG_INFO = YES;
				ONLY_ACTIVE_ARCH = YES;
				SDKROOT = iphoneos;
				SWIFT_OPTIMIZATION_LEVEL = "-Onone";
			};
			name = Debug;
		};
		47A2F8F31CAF723D0043E1A9 /* Release */ = {
			isa = XCBuildConfiguration;
			buildSettings = {
				ALWAYS_SEARCH_USER_PATHS = NO;
				CLANG_ANALYZER_NONNULL = YES;
				CLANG_CXX_LANGUAGE_STANDARD = "gnu++0x";
				CLANG_CXX_LIBRARY = "libc++";
				CLANG_ENABLE_MODULES = YES;
				CLANG_ENABLE_OBJC_ARC = YES;
				CLANG_WARN_BOOL_CONVERSION = YES;
				CLANG_WARN_CONSTANT_CONVERSION = YES;
				CLANG_WARN_DIRECT_OBJC_ISA_USAGE = YES_ERROR;
				CLANG_WARN_EMPTY_BODY = YES;
				CLANG_WARN_ENUM_CONVERSION = YES;
				CLANG_WARN_INT_CONVERSION = YES;
				CLANG_WARN_OBJC_ROOT_CLASS = YES_ERROR;
				CLANG_WARN_UNREACHABLE_CODE = YES;
				CLANG_WARN__DUPLICATE_METHOD_MATCH = YES;
				"CODE_SIGN_IDENTITY[sdk=iphoneos*]" = "iPhone Developer";
				COPY_PHASE_STRIP = NO;
				DEBUG_INFORMATION_FORMAT = "dwarf-with-dsym";
				ENABLE_NS_ASSERTIONS = NO;
				ENABLE_STRICT_OBJC_MSGSEND = YES;
				GCC_C_LANGUAGE_STANDARD = gnu99;
				GCC_NO_COMMON_BLOCKS = YES;
				GCC_WARN_64_TO_32_BIT_CONVERSION = YES;
				GCC_WARN_ABOUT_RETURN_TYPE = YES_ERROR;
				GCC_WARN_UNDECLARED_SELECTOR = YES;
				GCC_WARN_UNINITIALIZED_AUTOS = YES_AGGRESSIVE;
				GCC_WARN_UNUSED_FUNCTION = YES;
				GCC_WARN_UNUSED_VARIABLE = YES;
				IPHONEOS_DEPLOYMENT_TARGET = 9.3;
				MTL_ENABLE_DEBUG_INFO = NO;
				SDKROOT = iphoneos;
				VALIDATE_PRODUCT = YES;
			};
			name = Release;
		};
		47A2F8F51CAF723D0043E1A9 /* Debug */ = {
			isa = XCBuildConfiguration;
			buildSettings = {
				ASSETCATALOG_COMPILER_APPICON_NAME = AppIcon;
				CLANG_ENABLE_MODULES = YES;
				CODE_SIGN_IDENTITY = "iPhone Developer";
				"CODE_SIGN_IDENTITY[sdk=iphoneos*]" = "iPhone Developer";
				INFOPLIST_FILE = siyman/Info.plist;
				LD_RUNPATH_SEARCH_PATHS = "$(inherited) @executable_path/Frameworks";
				PRODUCT_BUNDLE_IDENTIFIER = jped.siyman;
				PRODUCT_NAME = "$(TARGET_NAME)";
				PROVISIONING_PROFILE = "";
				SWIFT_OBJC_BRIDGING_HEADER = "siyman/siyman-Bridging-Header.h";
				SWIFT_OPTIMIZATION_LEVEL = "-Onone";
			};
			name = Debug;
		};
		47A2F8F61CAF723D0043E1A9 /* Release */ = {
			isa = XCBuildConfiguration;
			buildSettings = {
				ASSETCATALOG_COMPILER_APPICON_NAME = AppIcon;
				CLANG_ENABLE_MODULES = YES;
				CODE_SIGN_IDENTITY = "iPhone Developer";
				"CODE_SIGN_IDENTITY[sdk=iphoneos*]" = "iPhone Developer";
				INFOPLIST_FILE = siyman/Info.plist;
				LD_RUNPATH_SEARCH_PATHS = "$(inherited) @executable_path/Frameworks";
				PRODUCT_BUNDLE_IDENTIFIER = jped.siyman;
				PRODUCT_NAME = "$(TARGET_NAME)";
				PROVISIONING_PROFILE = "";
				SWIFT_OBJC_BRIDGING_HEADER = "siyman/siyman-Bridging-Header.h";
			};
			name = Release;
		};
/* End XCBuildConfiguration section */

/* Begin XCConfigurationList section */
		47A2F8DD1CAF723D0043E1A9 /* Build configuration list for PBXProject "siyman" */ = {
			isa = XCConfigurationList;
			buildConfigurations = (
				47A2F8F21CAF723D0043E1A9 /* Debug */,
				47A2F8F31CAF723D0043E1A9 /* Release */,
			);
			defaultConfigurationIsVisible = 0;
			defaultConfigurationName = Release;
		};
		47A2F8F41CAF723D0043E1A9 /* Build configuration list for PBXNativeTarget "siyman" */ = {
			isa = XCConfigurationList;
			buildConfigurations = (
				47A2F8F51CAF723D0043E1A9 /* Debug */,
				47A2F8F61CAF723D0043E1A9 /* Release */,
			);
			defaultConfigurationIsVisible = 0;
			defaultConfigurationName = Release;
		};
/* End XCConfigurationList section */
	};
	rootObject = 47A2F8DA1CAF723D0043E1A9 /* Project object */;
}
