// !$*UTF8*$!
{
	archiveVersion = 1;
	classes = {
	};
	objectVersion = 46;
	objects = {

/* Begin PBXBuildFile section */
		47B7922F1D7245B2001ED85D /* AppDelegate.swift in Sources */ = {isa = PBXBuildFile; fileRef = 47B7922E1D7245B2001ED85D /* AppDelegate.swift */; };
		47B792311D7245B2001ED85D /* ViewController.swift in Sources */ = {isa = PBXBuildFile; fileRef = 47B792301D7245B2001ED85D /* ViewController.swift */; };
		47B792341D7245B2001ED85D /* Main.storyboard in Resources */ = {isa = PBXBuildFile; fileRef = 47B792321D7245B2001ED85D /* Main.storyboard */; };
		47B792361D7245B2001ED85D /* Assets.xcassets in Resources */ = {isa = PBXBuildFile; fileRef = 47B792351D7245B2001ED85D /* Assets.xcassets */; };
		47B792391D7245B2001ED85D /* LaunchScreen.storyboard in Resources */ = {isa = PBXBuildFile; fileRef = 47B792371D7245B2001ED85D /* LaunchScreen.storyboard */; };
		47B792431D7245C7001ED85D /* JMPDataFetcher.m in Sources */ = {isa = PBXBuildFile; fileRef = 47B792421D7245C7001ED85D /* JMPDataFetcher.m */; };
		47B792461D724E48001ED85D /* FishBowlUser.swift in Sources */ = {isa = PBXBuildFile; fileRef = 47B792451D724E48001ED85D /* FishBowlUser.swift */; };
/* End PBXBuildFile section */

/* Begin PBXFileReference section */
		47B7922B1D7245B2001ED85D /* Fish Bowl.app */ = {isa = PBXFileReference; explicitFileType = wrapper.application; includeInIndex = 0; path = "Fish Bowl.app"; sourceTree = BUILT_PRODUCTS_DIR; };
		47B7922E1D7245B2001ED85D /* AppDelegate.swift */ = {isa = PBXFileReference; lastKnownFileType = sourcecode.swift; path = AppDelegate.swift; sourceTree = "<group>"; };
		47B792301D7245B2001ED85D /* ViewController.swift */ = {isa = PBXFileReference; lastKnownFileType = sourcecode.swift; path = ViewController.swift; sourceTree = "<group>"; };
		47B792331D7245B2001ED85D /* Base */ = {isa = PBXFileReference; lastKnownFileType = file.storyboard; name = Base; path = Base.lproj/Main.storyboard; sourceTree = "<group>"; };
		47B792351D7245B2001ED85D /* Assets.xcassets */ = {isa = PBXFileReference; lastKnownFileType = folder.assetcatalog; path = Assets.xcassets; sourceTree = "<group>"; };
		47B792381D7245B2001ED85D /* Base */ = {isa = PBXFileReference; lastKnownFileType = file.storyboard; name = Base; path = Base.lproj/LaunchScreen.storyboard; sourceTree = "<group>"; };
		47B7923A1D7245B2001ED85D /* Info.plist */ = {isa = PBXFileReference; lastKnownFileType = text.plist.xml; path = Info.plist; sourceTree = "<group>"; };
		47B792401D7245C6001ED85D /* Fish Bowl-Bridging-Header.h */ = {isa = PBXFileReference; lastKnownFileType = sourcecode.c.h; path = "Fish Bowl-Bridging-Header.h"; sourceTree = "<group>"; };
		47B792411D7245C7001ED85D /* JMPDataFetcher.h */ = {isa = PBXFileReference; fileEncoding = 4; lastKnownFileType = sourcecode.c.h; path = JMPDataFetcher.h; sourceTree = "<group>"; };
		47B792421D7245C7001ED85D /* JMPDataFetcher.m */ = {isa = PBXFileReference; fileEncoding = 4; lastKnownFileType = sourcecode.c.objc; path = JMPDataFetcher.m; sourceTree = "<group>"; };
		47B792451D724E48001ED85D /* FishBowlUser.swift */ = {isa = PBXFileReference; fileEncoding = 4; lastKnownFileType = sourcecode.swift; path = FishBowlUser.swift; sourceTree = "<group>"; };
/* End PBXFileReference section */

/* Begin PBXFrameworksBuildPhase section */
		47B792281D7245B2001ED85D /* Frameworks */ = {
			isa = PBXFrameworksBuildPhase;
			buildActionMask = 2147483647;
			files = (
			);
			runOnlyForDeploymentPostprocessing = 0;
		};
/* End PBXFrameworksBuildPhase section */

/* Begin PBXGroup section */
		47B792221D7245B2001ED85D = {
			isa = PBXGroup;
			children = (
				47B7922D1D7245B2001ED85D /* Fish Bowl */,
				47B7922C1D7245B2001ED85D /* Products */,
			);
			sourceTree = "<group>";
		};
		47B7922C1D7245B2001ED85D /* Products */ = {
			isa = PBXGroup;
			children = (
				47B7922B1D7245B2001ED85D /* Fish Bowl.app */,
			);
			name = Products;
			sourceTree = "<group>";
		};
		47B7922D1D7245B2001ED85D /* Fish Bowl */ = {
			isa = PBXGroup;
			children = (
				47B7922E1D7245B2001ED85D /* AppDelegate.swift */,
				47B792301D7245B2001ED85D /* ViewController.swift */,
				47B792451D724E48001ED85D /* FishBowlUser.swift */,
				47B792321D7245B2001ED85D /* Main.storyboard */,
				47B792351D7245B2001ED85D /* Assets.xcassets */,
				47B792371D7245B2001ED85D /* LaunchScreen.storyboard */,
				47B7923A1D7245B2001ED85D /* Info.plist */,
				47B792441D7245CF001ED85D /* Supporting Files */,
			);
			path = "Fish Bowl";
			sourceTree = "<group>";
		};
		47B792441D7245CF001ED85D /* Supporting Files */ = {
			isa = PBXGroup;
			children = (
				47B792411D7245C7001ED85D /* JMPDataFetcher.h */,
				47B792421D7245C7001ED85D /* JMPDataFetcher.m */,
				47B792401D7245C6001ED85D /* Fish Bowl-Bridging-Header.h */,
			);
			name = "Supporting Files";
			sourceTree = "<group>";
		};
/* End PBXGroup section */

/* Begin PBXNativeTarget section */
		47B7922A1D7245B2001ED85D /* Fish Bowl */ = {
			isa = PBXNativeTarget;
			buildConfigurationList = 47B7923D1D7245B2001ED85D /* Build configuration list for PBXNativeTarget "Fish Bowl" */;
			buildPhases = (
				47B792271D7245B2001ED85D /* Sources */,
				47B792281D7245B2001ED85D /* Frameworks */,
				47B792291D7245B2001ED85D /* Resources */,
			);
			buildRules = (
			);
			dependencies = (
			);
			name = "Fish Bowl";
			productName = "Fish Bowl";
			productReference = 47B7922B1D7245B2001ED85D /* Fish Bowl.app */;
			productType = "com.apple.product-type.application";
		};
/* End PBXNativeTarget section */

/* Begin PBXProject section */
		47B792231D7245B2001ED85D /* Project object */ = {
			isa = PBXProject;
			attributes = {
				LastSwiftUpdateCheck = 0800;
				LastUpgradeCheck = 0800;
				ORGANIZATIONNAME = jmp9c;
				TargetAttributes = {
					47B7922A1D7245B2001ED85D = {
						CreatedOnToolsVersion = 8.0;
						DevelopmentTeam = 26V332SYBX;
						LastSwiftMigration = 0800;
						ProvisioningStyle = Automatic;
					};
				};
			};
			buildConfigurationList = 47B792261D7245B2001ED85D /* Build configuration list for PBXProject "Fish Bowl" */;
			compatibilityVersion = "Xcode 3.2";
			developmentRegion = English;
			hasScannedForEncodings = 0;
			knownRegions = (
				en,
				Base,
			);
			mainGroup = 47B792221D7245B2001ED85D;
			productRefGroup = 47B7922C1D7245B2001ED85D /* Products */;
			projectDirPath = "";
			projectRoot = "";
			targets = (
				47B7922A1D7245B2001ED85D /* Fish Bowl */,
			);
		};
/* End PBXProject section */

/* Begin PBXResourcesBuildPhase section */
		47B792291D7245B2001ED85D /* Resources */ = {
			isa = PBXResourcesBuildPhase;
			buildActionMask = 2147483647;
			files = (
				47B792391D7245B2001ED85D /* LaunchScreen.storyboard in Resources */,
				47B792361D7245B2001ED85D /* Assets.xcassets in Resources */,
				47B792341D7245B2001ED85D /* Main.storyboard in Resources */,
			);
			runOnlyForDeploymentPostprocessing = 0;
		};
/* End PBXResourcesBuildPhase section */

/* Begin PBXSourcesBuildPhase section */
		47B792271D7245B2001ED85D /* Sources */ = {
			isa = PBXSourcesBuildPhase;
			buildActionMask = 2147483647;
			files = (
				47B792311D7245B2001ED85D /* ViewController.swift in Sources */,
				47B792431D7245C7001ED85D /* JMPDataFetcher.m in Sources */,
				47B792461D724E48001ED85D /* FishBowlUser.swift in Sources */,
				47B7922F1D7245B2001ED85D /* AppDelegate.swift in Sources */,
			);
			runOnlyForDeploymentPostprocessing = 0;
		};
/* End PBXSourcesBuildPhase section */

/* Begin PBXVariantGroup section */
		47B792321D7245B2001ED85D /* Main.storyboard */ = {
			isa = PBXVariantGroup;
			children = (
				47B792331D7245B2001ED85D /* Base */,
			);
			name = Main.storyboard;
			sourceTree = "<group>";
		};
		47B792371D7245B2001ED85D /* LaunchScreen.storyboard */ = {
			isa = PBXVariantGroup;
			children = (
				47B792381D7245B2001ED85D /* Base */,
			);
			name = LaunchScreen.storyboard;
			sourceTree = "<group>";
		};
/* End PBXVariantGroup section */

/* Begin XCBuildConfiguration section */
		47B7923B1D7245B2001ED85D /* Debug */ = {
			isa = XCBuildConfiguration;
			buildSettings = {
				ALWAYS_SEARCH_USER_PATHS = NO;
				CLANG_ANALYZER_NONNULL = YES;
				CLANG_CXX_LANGUAGE_STANDARD = "gnu++0x";
				CLANG_CXX_LIBRARY = "libc++";
				CLANG_ENABLE_MODULES = YES;
				CLANG_ENABLE_OBJC_ARC = YES;
				CLANG_WARN_BOOL_CONVERSION = YES;
				CLANG_WARN_CONSTANT_CONVERSION = YES;
				CLANG_WARN_DIRECT_OBJC_ISA_USAGE = YES_ERROR;
				CLANG_WARN_DOCUMENTATION_COMMENTS = YES;
				CLANG_WARN_EMPTY_BODY = YES;
				CLANG_WARN_ENUM_CONVERSION = YES;
				CLANG_WARN_INFINITE_RECURSION = YES;
				CLANG_WARN_INT_CONVERSION = YES;
				CLANG_WARN_OBJC_ROOT_CLASS = YES_ERROR;
				CLANG_WARN_SUSPICIOUS_MOVES = YES;
				CLANG_WARN_UNREACHABLE_CODE = YES;
				CLANG_WARN__DUPLICATE_METHOD_MATCH = YES;
				"CODE_SIGN_IDENTITY[sdk=iphoneos*]" = "iPhone Developer";
				COPY_PHASE_STRIP = NO;
				DEBUG_INFORMATION_FORMAT = dwarf;
				ENABLE_STRICT_OBJC_MSGSEND = YES;
				ENABLE_TESTABILITY = YES;
				GCC_C_LANGUAGE_STANDARD = gnu99;
				GCC_DYNAMIC_NO_PIC = NO;
				GCC_NO_COMMON_BLOCKS = YES;
				GCC_OPTIMIZATION_LEVEL = 0;
				GCC_PREPROCESSOR_DEFINITIONS = (
					"DEBUG=1",
					"$(inherited)",
				);
				GCC_WARN_64_TO_32_BIT_CONVERSION = YES;
				GCC_WARN_ABOUT_RETURN_TYPE = YES_ERROR;
				GCC_WARN_UNDECLARED_SELECTOR = YES;
				GCC_WARN_UNINITIALIZED_AUTOS = YES_AGGRESSIVE;
				GCC_WARN_UNUSED_FUNCTION = YES;
				GCC_WARN_UNUSED_VARIABLE = YES;
				IPHONEOS_DEPLOYMENT_TARGET = 10.0;
				MTL_ENABLE_DEBUG_INFO = YES;
				ONLY_ACTIVE_ARCH = YES;
				SDKROOT = iphoneos;
				SWIFT_ACTIVE_COMPILATION_CONDITIONS = DEBUG;
				SWIFT_OPTIMIZATION_LEVEL = "-Onone";
			};
			name = Debug;
		};
		47B7923C1D7245B2001ED85D /* Release */ = {
			isa = XCBuildConfiguration;
			buildSettings = {
				ALWAYS_SEARCH_USER_PATHS = NO;
				CLANG_ANALYZER_NONNULL = YES;
				CLANG_CXX_LANGUAGE_STANDARD = "gnu++0x";
				CLANG_CXX_LIBRARY = "libc++";
				CLANG_ENABLE_MODULES = YES;
				CLANG_ENABLE_OBJC_ARC = YES;
				CLANG_WARN_BOOL_CONVERSION = YES;
				CLANG_WARN_CONSTANT_CONVERSION = YES;
				CLANG_WARN_DIRECT_OBJC_ISA_USAGE = YES_ERROR;
				CLANG_WARN_DOCUMENTATION_COMMENTS = YES;
				CLANG_WARN_EMPTY_BODY = YES;
				CLANG_WARN_ENUM_CONVERSION = YES;
				CLANG_WARN_INFINITE_RECURSION = YES;
				CLANG_WARN_INT_CONVERSION = YES;
				CLANG_WARN_OBJC_ROOT_CLASS = YES_ERROR;
				CLANG_WARN_SUSPICIOUS_MOVES = YES;
				CLANG_WARN_UNREACHABLE_CODE = YES;
				CLANG_WARN__DUPLICATE_METHOD_MATCH = YES;
				"CODE_SIGN_IDENTITY[sdk=iphoneos*]" = "iPhone Developer";
				COPY_PHASE_STRIP = NO;
				DEBUG_INFORMATION_FORMAT = "dwarf-with-dsym";
				ENABLE_NS_ASSERTIONS = NO;
				ENABLE_STRICT_OBJC_MSGSEND = YES;
				GCC_C_LANGUAGE_STANDARD = gnu99;
				GCC_NO_COMMON_BLOCKS = YES;
				GCC_WARN_64_TO_32_BIT_CONVERSION = YES;
				GCC_WARN_ABOUT_RETURN_TYPE = YES_ERROR;
				GCC_WARN_UNDECLARED_SELECTOR = YES;
				GCC_WARN_UNINITIALIZED_AUTOS = YES_AGGRESSIVE;
				GCC_WARN_UNUSED_FUNCTION = YES;
				GCC_WARN_UNUSED_VARIABLE = YES;
				IPHONEOS_DEPLOYMENT_TARGET = 10.0;
				MTL_ENABLE_DEBUG_INFO = NO;
				SDKROOT = iphoneos;
				SWIFT_OPTIMIZATION_LEVEL = "-Owholemodule";
				VALIDATE_PRODUCT = YES;
			};
			name = Release;
		};
		47B7923E1D7245B2001ED85D /* Debug */ = {
			isa = XCBuildConfiguration;
			buildSettings = {
				ASSETCATALOG_COMPILER_APPICON_NAME = AppIcon;
				CLANG_ENABLE_MODULES = YES;
				DEVELOPMENT_TEAM = 26V332SYBX;
				INFOPLIST_FILE = "Fish Bowl/Info.plist";
				LD_RUNPATH_SEARCH_PATHS = "$(inherited) @executable_path/Frameworks";
				PRODUCT_BUNDLE_IDENTIFIER = "jmp9c.Fish-Bowl";
				PRODUCT_NAME = "$(TARGET_NAME)";
				SWIFT_OBJC_BRIDGING_HEADER = "Fish Bowl/Fish Bowl-Bridging-Header.h";
				SWIFT_OPTIMIZATION_LEVEL = "-Onone";
				SWIFT_VERSION = 3.0;
			};
			name = Debug;
		};
		47B7923F1D7245B2001ED85D /* Release */ = {
			isa = XCBuildConfiguration;
			buildSettings = {
				ASSETCATALOG_COMPILER_APPICON_NAME = AppIcon;
				CLANG_ENABLE_MODULES = YES;
				DEVELOPMENT_TEAM = 26V332SYBX;
				INFOPLIST_FILE = "Fish Bowl/Info.plist";
				LD_RUNPATH_SEARCH_PATHS = "$(inherited) @executable_path/Frameworks";
				PRODUCT_BUNDLE_IDENTIFIER = "jmp9c.Fish-Bowl";
				PRODUCT_NAME = "$(TARGET_NAME)";
				SWIFT_OBJC_BRIDGING_HEADER = "Fish Bowl/Fish Bowl-Bridging-Header.h";
				SWIFT_VERSION = 3.0;
			};
			name = Release;
		};
/* End XCBuildConfiguration section */

/* Begin XCConfigurationList section */
		47B792261D7245B2001ED85D /* Build configuration list for PBXProject "Fish Bowl" */ = {
			isa = XCConfigurationList;
			buildConfigurations = (
				47B7923B1D7245B2001ED85D /* Debug */,
				47B7923C1D7245B2001ED85D /* Release */,
			);
			defaultConfigurationIsVisible = 0;
			defaultConfigurationName = Release;
		};
		47B7923D1D7245B2001ED85D /* Build configuration list for PBXNativeTarget "Fish Bowl" */ = {
			isa = XCConfigurationList;
			buildConfigurations = (
				47B7923E1D7245B2001ED85D /* Debug */,
				47B7923F1D7245B2001ED85D /* Release */,
			);
			defaultConfigurationIsVisible = 0;
		};
/* End XCConfigurationList section */
	};
	rootObject = 47B792231D7245B2001ED85D /* Project object */;
}
