// !$*UTF8*$!
{
	archiveVersion = 1;
	classes = {
	};
	objectVersion = 46;
	objects = {

/* Begin PBXBuildFile section */
		4726A1FD1DCD398D0079F112 /* AppDelegate.swift in Sources */ = {isa = PBXBuildFile; fileRef = 4726A1FC1DCD398D0079F112 /* AppDelegate.swift */; };
		4726A1FF1DCD398D0079F112 /* ViewController.swift in Sources */ = {isa = PBXBuildFile; fileRef = 4726A1FE1DCD398D0079F112 /* ViewController.swift */; };
		4726A2021DCD398D0079F112 /* Main.storyboard in Resources */ = {isa = PBXBuildFile; fileRef = 4726A2001DCD398D0079F112 /* Main.storyboard */; };
		4726A2041DCD398D0079F112 /* Assets.xcassets in Resources */ = {isa = PBXBuildFile; fileRef = 4726A2031DCD398D0079F112 /* Assets.xcassets */; };
		4726A2071DCD398D0079F112 /* LaunchScreen.storyboard in Resources */ = {isa = PBXBuildFile; fileRef = 4726A2051DCD398D0079F112 /* LaunchScreen.storyboard */; };
		4726A20F1DCD399D0079F112 /* GoogleService-Info.plist in Resources */ = {isa = PBXBuildFile; fileRef = 4726A20E1DCD399D0079F112 /* GoogleService-Info.plist */; };
		4731D7E51DCD44F000285366 /* SignUpViewController.swift in Sources */ = {isa = PBXBuildFile; fileRef = 4731D7E41DCD44F000285366 /* SignUpViewController.swift */; };
		4731D7E81DCD545100285366 /* HomeViewController.swift in Sources */ = {isa = PBXBuildFile; fileRef = 4731D7E71DCD545100285366 /* HomeViewController.swift */; };
		9A23EC77E239B1B4E01399F2 /* Pods_firebasetest.framework in Frameworks */ = {isa = PBXBuildFile; fileRef = BC46396E03E50C0ED887BD9F /* Pods_firebasetest.framework */; };
/* End PBXBuildFile section */

/* Begin PBXFileReference section */
		2A25FAC1D718521B48594B78 /* Pods-firebasetest.debug.xcconfig */ = {isa = PBXFileReference; includeInIndex = 1; lastKnownFileType = text.xcconfig; name = "Pods-firebasetest.debug.xcconfig"; path = "Pods/Target Support Files/Pods-firebasetest/Pods-firebasetest.debug.xcconfig"; sourceTree = "<group>"; };
		4726A1F91DCD398D0079F112 /* firebasetest.app */ = {isa = PBXFileReference; explicitFileType = wrapper.application; includeInIndex = 0; path = firebasetest.app; sourceTree = BUILT_PRODUCTS_DIR; };
		4726A1FC1DCD398D0079F112 /* AppDelegate.swift */ = {isa = PBXFileReference; lastKnownFileType = sourcecode.swift; path = AppDelegate.swift; sourceTree = "<group>"; };
		4726A1FE1DCD398D0079F112 /* ViewController.swift */ = {isa = PBXFileReference; lastKnownFileType = sourcecode.swift; path = ViewController.swift; sourceTree = "<group>"; };
		4726A2011DCD398D0079F112 /* Base */ = {isa = PBXFileReference; lastKnownFileType = file.storyboard; name = Base; path = Base.lproj/Main.storyboard; sourceTree = "<group>"; };
		4726A2031DCD398D0079F112 /* Assets.xcassets */ = {isa = PBXFileReference; lastKnownFileType = folder.assetcatalog; path = Assets.xcassets; sourceTree = "<group>"; };
		4726A2061DCD398D0079F112 /* Base */ = {isa = PBXFileReference; lastKnownFileType = file.storyboard; name = Base; path = Base.lproj/LaunchScreen.storyboard; sourceTree = "<group>"; };
		4726A2081DCD398D0079F112 /* Info.plist */ = {isa = PBXFileReference; lastKnownFileType = text.plist.xml; path = Info.plist; sourceTree = "<group>"; };
		4726A20E1DCD399D0079F112 /* GoogleService-Info.plist */ = {isa = PBXFileReference; fileEncoding = 4; lastKnownFileType = text.plist.xml; path = "GoogleService-Info.plist"; sourceTree = "<group>"; };
		4731D7E41DCD44F000285366 /* SignUpViewController.swift */ = {isa = PBXFileReference; fileEncoding = 4; lastKnownFileType = sourcecode.swift; path = SignUpViewController.swift; sourceTree = "<group>"; };
		4731D7E61DCD4EDD00285366 /* firebasetest.entitlements */ = {isa = PBXFileReference; lastKnownFileType = text.plist.entitlements; path = firebasetest.entitlements; sourceTree = "<group>"; };
		4731D7E71DCD545100285366 /* HomeViewController.swift */ = {isa = PBXFileReference; fileEncoding = 4; lastKnownFileType = sourcecode.swift; name = HomeViewController.swift; path = Assets.xcassets/HomeViewController.swift; sourceTree = "<group>"; };
		B7E7BAACE3BCEE102A102EDA /* Pods-firebasetest.release.xcconfig */ = {isa = PBXFileReference; includeInIndex = 1; lastKnownFileType = text.xcconfig; name = "Pods-firebasetest.release.xcconfig"; path = "Pods/Target Support Files/Pods-firebasetest/Pods-firebasetest.release.xcconfig"; sourceTree = "<group>"; };
		BC46396E03E50C0ED887BD9F /* Pods_firebasetest.framework */ = {isa = PBXFileReference; explicitFileType = wrapper.framework; includeInIndex = 0; path = Pods_firebasetest.framework; sourceTree = BUILT_PRODUCTS_DIR; };
/* End PBXFileReference section */

/* Begin PBXFrameworksBuildPhase section */
		4726A1F61DCD398D0079F112 /* Frameworks */ = {
			isa = PBXFrameworksBuildPhase;
			buildActionMask = 2147483647;
			files = (
				9A23EC77E239B1B4E01399F2 /* Pods_firebasetest.framework in Frameworks */,
			);
			runOnlyForDeploymentPostprocessing = 0;
		};
/* End PBXFrameworksBuildPhase section */

/* Begin PBXGroup section */
		4726A1F01DCD398D0079F112 = {
			isa = PBXGroup;
			children = (
				4726A1FB1DCD398D0079F112 /* firebasetest */,
				4726A1FA1DCD398D0079F112 /* Products */,
				B2458DDD2C316C7A6924082C /* Pods */,
				E86B6F34FED6E48DE61E22C1 /* Frameworks */,
			);
			sourceTree = "<group>";
		};
		4726A1FA1DCD398D0079F112 /* Products */ = {
			isa = PBXGroup;
			children = (
				4726A1F91DCD398D0079F112 /* firebasetest.app */,
			);
			name = Products;
			sourceTree = "<group>";
		};
		4726A1FB1DCD398D0079F112 /* firebasetest */ = {
			isa = PBXGroup;
			children = (
				4731D7E61DCD4EDD00285366 /* firebasetest.entitlements */,
				4726A1FC1DCD398D0079F112 /* AppDelegate.swift */,
				4726A1FE1DCD398D0079F112 /* ViewController.swift */,
				4726A2001DCD398D0079F112 /* Main.storyboard */,
				4731D7E71DCD545100285366 /* HomeViewController.swift */,
				4731D7E41DCD44F000285366 /* SignUpViewController.swift */,
				4726A2031DCD398D0079F112 /* Assets.xcassets */,
				4726A2051DCD398D0079F112 /* LaunchScreen.storyboard */,
				4726A2081DCD398D0079F112 /* Info.plist */,
				4726A20E1DCD399D0079F112 /* GoogleService-Info.plist */,
			);
			path = firebasetest;
			sourceTree = "<group>";
		};
		B2458DDD2C316C7A6924082C /* Pods */ = {
			isa = PBXGroup;
			children = (
				2A25FAC1D718521B48594B78 /* Pods-firebasetest.debug.xcconfig */,
				B7E7BAACE3BCEE102A102EDA /* Pods-firebasetest.release.xcconfig */,
			);
			name = Pods;
			sourceTree = "<group>";
		};
		E86B6F34FED6E48DE61E22C1 /* Frameworks */ = {
			isa = PBXGroup;
			children = (
				BC46396E03E50C0ED887BD9F /* Pods_firebasetest.framework */,
			);
			name = Frameworks;
			sourceTree = "<group>";
		};
/* End PBXGroup section */

/* Begin PBXNativeTarget section */
		4726A1F81DCD398D0079F112 /* firebasetest */ = {
			isa = PBXNativeTarget;
			buildConfigurationList = 4726A20B1DCD398D0079F112 /* Build configuration list for PBXNativeTarget "firebasetest" */;
			buildPhases = (
				7471AF7F10972B4AC5A8AF0E /* [CP] Check Pods Manifest.lock */,
				4726A1F51DCD398D0079F112 /* Sources */,
				4726A1F61DCD398D0079F112 /* Frameworks */,
				4726A1F71DCD398D0079F112 /* Resources */,
				E7B9FBFEC9D68028E8E0411B /* [CP] Embed Pods Frameworks */,
				A56382418A89F5C7AF0C5609 /* [CP] Copy Pods Resources */,
			);
			buildRules = (
			);
			dependencies = (
			);
			name = firebasetest;
			productName = firebasetest;
			productReference = 4726A1F91DCD398D0079F112 /* firebasetest.app */;
			productType = "com.apple.product-type.application";
		};
/* End PBXNativeTarget section */

/* Begin PBXProject section */
		4726A1F11DCD398D0079F112 /* Project object */ = {
			isa = PBXProject;
			attributes = {
				LastSwiftUpdateCheck = 0810;
				LastUpgradeCheck = 0810;
				ORGANIZATIONNAME = jmp9c;
				TargetAttributes = {
					4726A1F81DCD398D0079F112 = {
						CreatedOnToolsVersion = 8.1;
						DevelopmentTeam = F7GNH43XXP;
						ProvisioningStyle = Automatic;
						SystemCapabilities = {
							com.apple.Keychain = {
								enabled = 1;
							};
						};
					};
				};
			};
			buildConfigurationList = 4726A1F41DCD398D0079F112 /* Build configuration list for PBXProject "firebasetest" */;
			compatibilityVersion = "Xcode 3.2";
			developmentRegion = English;
			hasScannedForEncodings = 0;
			knownRegions = (
				en,
				Base,
			);
			mainGroup = 4726A1F01DCD398D0079F112;
			productRefGroup = 4726A1FA1DCD398D0079F112 /* Products */;
			projectDirPath = "";
			projectRoot = "";
			targets = (
				4726A1F81DCD398D0079F112 /* firebasetest */,
			);
		};
/* End PBXProject section */

/* Begin PBXResourcesBuildPhase section */
		4726A1F71DCD398D0079F112 /* Resources */ = {
			isa = PBXResourcesBuildPhase;
			buildActionMask = 2147483647;
			files = (
				4726A2071DCD398D0079F112 /* LaunchScreen.storyboard in Resources */,
				4726A20F1DCD399D0079F112 /* GoogleService-Info.plist in Resources */,
				4726A2041DCD398D0079F112 /* Assets.xcassets in Resources */,
				4726A2021DCD398D0079F112 /* Main.storyboard in Resources */,
			);
			runOnlyForDeploymentPostprocessing = 0;
		};
/* End PBXResourcesBuildPhase section */

/* Begin PBXShellScriptBuildPhase section */
		7471AF7F10972B4AC5A8AF0E /* [CP] Check Pods Manifest.lock */ = {
			isa = PBXShellScriptBuildPhase;
			buildActionMask = 2147483647;
			files = (
			);
			inputPaths = (
			);
			name = "[CP] Check Pods Manifest.lock";
			outputPaths = (
			);
			runOnlyForDeploymentPostprocessing = 0;
			shellPath = /bin/sh;
			shellScript = "diff \"${PODS_ROOT}/../Podfile.lock\" \"${PODS_ROOT}/Manifest.lock\" > /dev/null\nif [[ $? != 0 ]] ; then\n    cat << EOM\nerror: The sandbox is not in sync with the Podfile.lock. Run 'pod install' or update your CocoaPods installation.\nEOM\n    exit 1\nfi\n";
			showEnvVarsInLog = 0;
		};
		A56382418A89F5C7AF0C5609 /* [CP] Copy Pods Resources */ = {
			isa = PBXShellScriptBuildPhase;
			buildActionMask = 2147483647;
			files = (
			);
			inputPaths = (
			);
			name = "[CP] Copy Pods Resources";
			outputPaths = (
			);
			runOnlyForDeploymentPostprocessing = 0;
			shellPath = /bin/sh;
			shellScript = "\"${SRCROOT}/Pods/Target Support Files/Pods-firebasetest/Pods-firebasetest-resources.sh\"\n";
			showEnvVarsInLog = 0;
		};
		E7B9FBFEC9D68028E8E0411B /* [CP] Embed Pods Frameworks */ = {
			isa = PBXShellScriptBuildPhase;
			buildActionMask = 2147483647;
			files = (
			);
			inputPaths = (
			);
			name = "[CP] Embed Pods Frameworks";
			outputPaths = (
			);
			runOnlyForDeploymentPostprocessing = 0;
			shellPath = /bin/sh;
			shellScript = "\"${SRCROOT}/Pods/Target Support Files/Pods-firebasetest/Pods-firebasetest-frameworks.sh\"\n";
			showEnvVarsInLog = 0;
		};
/* End PBXShellScriptBuildPhase section */

/* Begin PBXSourcesBuildPhase section */
		4726A1F51DCD398D0079F112 /* Sources */ = {
			isa = PBXSourcesBuildPhase;
			buildActionMask = 2147483647;
			files = (
				4731D7E51DCD44F000285366 /* SignUpViewController.swift in Sources */,
				4726A1FF1DCD398D0079F112 /* ViewController.swift in Sources */,
				4726A1FD1DCD398D0079F112 /* AppDelegate.swift in Sources */,
				4731D7E81DCD545100285366 /* HomeViewController.swift in Sources */,
			);
			runOnlyForDeploymentPostprocessing = 0;
		};
/* End PBXSourcesBuildPhase section */

/* Begin PBXVariantGroup section */
		4726A2001DCD398D0079F112 /* Main.storyboard */ = {
			isa = PBXVariantGroup;
			children = (
				4726A2011DCD398D0079F112 /* Base */,
			);
			name = Main.storyboard;
			sourceTree = "<group>";
		};
		4726A2051DCD398D0079F112 /* LaunchScreen.storyboard */ = {
			isa = PBXVariantGroup;
			children = (
				4726A2061DCD398D0079F112 /* Base */,
			);
			name = LaunchScreen.storyboard;
			sourceTree = "<group>";
		};
/* End PBXVariantGroup section */

/* Begin XCBuildConfiguration section */
		4726A2091DCD398D0079F112 /* Debug */ = {
			isa = XCBuildConfiguration;
			buildSettings = {
				ALWAYS_SEARCH_USER_PATHS = NO;
				CLANG_ANALYZER_NONNULL = YES;
				CLANG_CXX_LANGUAGE_STANDARD = "gnu++0x";
				CLANG_CXX_LIBRARY = "libc++";
				CLANG_ENABLE_MODULES = YES;
				CLANG_ENABLE_OBJC_ARC = YES;
				CLANG_WARN_BOOL_CONVERSION = YES;
				CLANG_WARN_CONSTANT_CONVERSION = YES;
				CLANG_WARN_DIRECT_OBJC_ISA_USAGE = YES_ERROR;
				CLANG_WARN_DOCUMENTATION_COMMENTS = YES;
				CLANG_WARN_EMPTY_BODY = YES;
				CLANG_WARN_ENUM_CONVERSION = YES;
				CLANG_WARN_INFINITE_RECURSION = YES;
				CLANG_WARN_INT_CONVERSION = YES;
				CLANG_WARN_OBJC_ROOT_CLASS = YES_ERROR;
				CLANG_WARN_SUSPICIOUS_MOVES = YES;
				CLANG_WARN_UNREACHABLE_CODE = YES;
				CLANG_WARN__DUPLICATE_METHOD_MATCH = YES;
				"CODE_SIGN_IDENTITY[sdk=iphoneos*]" = "iPhone Developer";
				COPY_PHASE_STRIP = NO;
				DEBUG_INFORMATION_FORMAT = dwarf;
				ENABLE_STRICT_OBJC_MSGSEND = YES;
				ENABLE_TESTABILITY = YES;
				GCC_C_LANGUAGE_STANDARD = gnu99;
				GCC_DYNAMIC_NO_PIC = NO;
				GCC_NO_COMMON_BLOCKS = YES;
				GCC_OPTIMIZATION_LEVEL = 0;
				GCC_PREPROCESSOR_DEFINITIONS = (
					"DEBUG=1",
					"$(inherited)",
				);
				GCC_WARN_64_TO_32_BIT_CONVERSION = YES;
				GCC_WARN_ABOUT_RETURN_TYPE = YES_ERROR;
				GCC_WARN_UNDECLARED_SELECTOR = YES;
				GCC_WARN_UNINITIALIZED_AUTOS = YES_AGGRESSIVE;
				GCC_WARN_UNUSED_FUNCTION = YES;
				GCC_WARN_UNUSED_VARIABLE = YES;
				IPHONEOS_DEPLOYMENT_TARGET = 10.1;
				MTL_ENABLE_DEBUG_INFO = YES;
				ONLY_ACTIVE_ARCH = YES;
				SDKROOT = iphoneos;
				SWIFT_ACTIVE_COMPILATION_CONDITIONS = DEBUG;
				SWIFT_OPTIMIZATION_LEVEL = "-Onone";
			};
			name = Debug;
		};
		4726A20A1DCD398D0079F112 /* Release */ = {
			isa = XCBuildConfiguration;
			buildSettings = {
				ALWAYS_SEARCH_USER_PATHS = NO;
				CLANG_ANALYZER_NONNULL = YES;
				CLANG_CXX_LANGUAGE_STANDARD = "gnu++0x";
				CLANG_CXX_LIBRARY = "libc++";
				CLANG_ENABLE_MODULES = YES;
				CLANG_ENABLE_OBJC_ARC = YES;
				CLANG_WARN_BOOL_CONVERSION = YES;
				CLANG_WARN_CONSTANT_CONVERSION = YES;
				CLANG_WARN_DIRECT_OBJC_ISA_USAGE = YES_ERROR;
				CLANG_WARN_DOCUMENTATION_COMMENTS = YES;
				CLANG_WARN_EMPTY_BODY = YES;
				CLANG_WARN_ENUM_CONVERSION = YES;
				CLANG_WARN_INFINITE_RECURSION = YES;
				CLANG_WARN_INT_CONVERSION = YES;
				CLANG_WARN_OBJC_ROOT_CLASS = YES_ERROR;
				CLANG_WARN_SUSPICIOUS_MOVES = YES;
				CLANG_WARN_UNREACHABLE_CODE = YES;
				CLANG_WARN__DUPLICATE_METHOD_MATCH = YES;
				"CODE_SIGN_IDENTITY[sdk=iphoneos*]" = "iPhone Developer";
				COPY_PHASE_STRIP = NO;
				DEBUG_INFORMATION_FORMAT = "dwarf-with-dsym";
				ENABLE_NS_ASSERTIONS = NO;
				ENABLE_STRICT_OBJC_MSGSEND = YES;
				GCC_C_LANGUAGE_STANDARD = gnu99;
				GCC_NO_COMMON_BLOCKS = YES;
				GCC_WARN_64_TO_32_BIT_CONVERSION = YES;
				GCC_WARN_ABOUT_RETURN_TYPE = YES_ERROR;
				GCC_WARN_UNDECLARED_SELECTOR = YES;
				GCC_WARN_UNINITIALIZED_AUTOS = YES_AGGRESSIVE;
				GCC_WARN_UNUSED_FUNCTION = YES;
				GCC_WARN_UNUSED_VARIABLE = YES;
				IPHONEOS_DEPLOYMENT_TARGET = 10.1;
				MTL_ENABLE_DEBUG_INFO = NO;
				SDKROOT = iphoneos;
				SWIFT_OPTIMIZATION_LEVEL = "-Owholemodule";
				VALIDATE_PRODUCT = YES;
			};
			name = Release;
		};
		4726A20C1DCD398D0079F112 /* Debug */ = {
			isa = XCBuildConfiguration;
			baseConfigurationReference = 2A25FAC1D718521B48594B78 /* Pods-firebasetest.debug.xcconfig */;
			buildSettings = {
				ASSETCATALOG_COMPILER_APPICON_NAME = AppIcon;
				CODE_SIGN_ENTITLEMENTS = firebasetest/firebasetest.entitlements;
				DEVELOPMENT_TEAM = F7GNH43XXP;
				INFOPLIST_FILE = firebasetest/Info.plist;
				LD_RUNPATH_SEARCH_PATHS = "$(inherited) @executable_path/Frameworks";
				PRODUCT_BUNDLE_IDENTIFIER = com.johnmahlonpeden.firebasetest;
				PRODUCT_NAME = "$(TARGET_NAME)";
				SWIFT_VERSION = 3.0;
			};
			name = Debug;
		};
		4726A20D1DCD398D0079F112 /* Release */ = {
			isa = XCBuildConfiguration;
			baseConfigurationReference = B7E7BAACE3BCEE102A102EDA /* Pods-firebasetest.release.xcconfig */;
			buildSettings = {
				ASSETCATALOG_COMPILER_APPICON_NAME = AppIcon;
				CODE_SIGN_ENTITLEMENTS = firebasetest/firebasetest.entitlements;
				DEVELOPMENT_TEAM = F7GNH43XXP;
				INFOPLIST_FILE = firebasetest/Info.plist;
				LD_RUNPATH_SEARCH_PATHS = "$(inherited) @executable_path/Frameworks";
				PRODUCT_BUNDLE_IDENTIFIER = com.johnmahlonpeden.firebasetest;
				PRODUCT_NAME = "$(TARGET_NAME)";
				SWIFT_VERSION = 3.0;
			};
			name = Release;
		};
/* End XCBuildConfiguration section */

/* Begin XCConfigurationList section */
		4726A1F41DCD398D0079F112 /* Build configuration list for PBXProject "firebasetest" */ = {
			isa = XCConfigurationList;
			buildConfigurations = (
				4726A2091DCD398D0079F112 /* Debug */,
				4726A20A1DCD398D0079F112 /* Release */,
			);
			defaultConfigurationIsVisible = 0;
			defaultConfigurationName = Release;
		};
		4726A20B1DCD398D0079F112 /* Build configuration list for PBXNativeTarget "firebasetest" */ = {
			isa = XCConfigurationList;
			buildConfigurations = (
				4726A20C1DCD398D0079F112 /* Debug */,
				4726A20D1DCD398D0079F112 /* Release */,
			);
			defaultConfigurationIsVisible = 0;
			defaultConfigurationName = Release;
		};
/* End XCConfigurationList section */
	};
	rootObject = 4726A1F11DCD398D0079F112 /* Project object */;
}
