// !$*UTF8*$!
{
	archiveVersion = 1;
	classes = {
	};
	objectVersion = 46;
	objects = {

/* Begin PBXBuildFile section */
		47081B6C1CEFB53300F47937 /* AppDelegate.swift in Sources */ = {isa = PBXBuildFile; fileRef = 47081B6B1CEFB53300F47937 /* AppDelegate.swift */; };
		47081B711CEFB53300F47937 /* Main.storyboard in Resources */ = {isa = PBXBuildFile; fileRef = 47081B6F1CEFB53300F47937 /* Main.storyboard */; };
		47081B731CEFB53300F47937 /* Assets.xcassets in Resources */ = {isa = PBXBuildFile; fileRef = 47081B721CEFB53300F47937 /* Assets.xcassets */; };
		47081B761CEFB53300F47937 /* LaunchScreen.storyboard in Resources */ = {isa = PBXBuildFile; fileRef = 47081B741CEFB53300F47937 /* LaunchScreen.storyboard */; };
		47081B7E1CEFB55E00F47937 /* FoldingCell.swift in Sources */ = {isa = PBXBuildFile; fileRef = 47081B7D1CEFB55E00F47937 /* FoldingCell.swift */; };
/* End PBXBuildFile section */

/* Begin PBXFileReference section */
		47081B681CEFB53300F47937 /* FoldingCellTest.app */ = {isa = PBXFileReference; explicitFileType = wrapper.application; includeInIndex = 0; path = FoldingCellTest.app; sourceTree = BUILT_PRODUCTS_DIR; };
		47081B6B1CEFB53300F47937 /* AppDelegate.swift */ = {isa = PBXFileReference; lastKnownFileType = sourcecode.swift; path = AppDelegate.swift; sourceTree = "<group>"; };
		47081B701CEFB53300F47937 /* Base */ = {isa = PBXFileReference; lastKnownFileType = file.storyboard; name = Base; path = Base.lproj/Main.storyboard; sourceTree = "<group>"; };
		47081B721CEFB53300F47937 /* Assets.xcassets */ = {isa = PBXFileReference; lastKnownFileType = folder.assetcatalog; path = Assets.xcassets; sourceTree = "<group>"; };
		47081B751CEFB53300F47937 /* Base */ = {isa = PBXFileReference; lastKnownFileType = file.storyboard; name = Base; path = Base.lproj/LaunchScreen.storyboard; sourceTree = "<group>"; };
		47081B771CEFB53300F47937 /* Info.plist */ = {isa = PBXFileReference; lastKnownFileType = text.plist.xml; path = Info.plist; sourceTree = "<group>"; };
		47081B7D1CEFB55E00F47937 /* FoldingCell.swift */ = {isa = PBXFileReference; fileEncoding = 4; lastKnownFileType = sourcecode.swift; path = FoldingCell.swift; sourceTree = "<group>"; };
/* End PBXFileReference section */

/* Begin PBXFrameworksBuildPhase section */
		47081B651CEFB53300F47937 /* Frameworks */ = {
			isa = PBXFrameworksBuildPhase;
			buildActionMask = 2147483647;
			files = (
			);
			runOnlyForDeploymentPostprocessing = 0;
		};
/* End PBXFrameworksBuildPhase section */

/* Begin PBXGroup section */
		47081B5F1CEFB53300F47937 = {
			isa = PBXGroup;
			children = (
				47081B6A1CEFB53300F47937 /* FoldingCellTest */,
				47081B691CEFB53300F47937 /* Products */,
			);
			sourceTree = "<group>";
		};
		47081B691CEFB53300F47937 /* Products */ = {
			isa = PBXGroup;
			children = (
				47081B681CEFB53300F47937 /* FoldingCellTest.app */,
			);
			name = Products;
			sourceTree = "<group>";
		};
		47081B6A1CEFB53300F47937 /* FoldingCellTest */ = {
			isa = PBXGroup;
			children = (
				47081B6B1CEFB53300F47937 /* AppDelegate.swift */,
				47081B7D1CEFB55E00F47937 /* FoldingCell.swift */,
				47081B6F1CEFB53300F47937 /* Main.storyboard */,
				47081B721CEFB53300F47937 /* Assets.xcassets */,
				47081B741CEFB53300F47937 /* LaunchScreen.storyboard */,
				47081B771CEFB53300F47937 /* Info.plist */,
			);
			path = FoldingCellTest;
			sourceTree = "<group>";
		};
/* End PBXGroup section */

/* Begin PBXNativeTarget section */
		47081B671CEFB53300F47937 /* FoldingCellTest */ = {
			isa = PBXNativeTarget;
			buildConfigurationList = 47081B7A1CEFB53300F47937 /* Build configuration list for PBXNativeTarget "FoldingCellTest" */;
			buildPhases = (
				47081B641CEFB53300F47937 /* Sources */,
				47081B651CEFB53300F47937 /* Frameworks */,
				47081B661CEFB53300F47937 /* Resources */,
			);
			buildRules = (
			);
			dependencies = (
			);
			name = FoldingCellTest;
			productName = FoldingCellTest;
			productReference = 47081B681CEFB53300F47937 /* FoldingCellTest.app */;
			productType = "com.apple.product-type.application";
		};
/* End PBXNativeTarget section */

/* Begin PBXProject section */
		47081B601CEFB53300F47937 /* Project object */ = {
			isa = PBXProject;
			attributes = {
				LastSwiftUpdateCheck = 0730;
				LastUpgradeCheck = 0730;
				ORGANIZATIONNAME = "John Peden";
				TargetAttributes = {
					47081B671CEFB53300F47937 = {
						CreatedOnToolsVersion = 7.3;
						LastSwiftMigration = 0800;
					};
				};
			};
			buildConfigurationList = 47081B631CEFB53300F47937 /* Build configuration list for PBXProject "FoldingCellTest" */;
			compatibilityVersion = "Xcode 3.2";
			developmentRegion = English;
			hasScannedForEncodings = 0;
			knownRegions = (
				en,
				Base,
			);
			mainGroup = 47081B5F1CEFB53300F47937;
			productRefGroup = 47081B691CEFB53300F47937 /* Products */;
			projectDirPath = "";
			projectRoot = "";
			targets = (
				47081B671CEFB53300F47937 /* FoldingCellTest */,
			);
		};
/* End PBXProject section */

/* Begin PBXResourcesBuildPhase section */
		47081B661CEFB53300F47937 /* Resources */ = {
			isa = PBXResourcesBuildPhase;
			buildActionMask = 2147483647;
			files = (
				47081B761CEFB53300F47937 /* LaunchScreen.storyboard in Resources */,
				47081B731CEFB53300F47937 /* Assets.xcassets in Resources */,
				47081B711CEFB53300F47937 /* Main.storyboard in Resources */,
			);
			runOnlyForDeploymentPostprocessing = 0;
		};
/* End PBXResourcesBuildPhase section */

/* Begin PBXSourcesBuildPhase section */
		47081B641CEFB53300F47937 /* Sources */ = {
			isa = PBXSourcesBuildPhase;
			buildActionMask = 2147483647;
			files = (
				47081B6C1CEFB53300F47937 /* AppDelegate.swift in Sources */,
				47081B7E1CEFB55E00F47937 /* FoldingCell.swift in Sources */,
			);
			runOnlyForDeploymentPostprocessing = 0;
		};
/* End PBXSourcesBuildPhase section */

/* Begin PBXVariantGroup section */
		47081B6F1CEFB53300F47937 /* Main.storyboard */ = {
			isa = PBXVariantGroup;
			children = (
				47081B701CEFB53300F47937 /* Base */,
			);
			name = Main.storyboard;
			sourceTree = "<group>";
		};
		47081B741CEFB53300F47937 /* LaunchScreen.storyboard */ = {
			isa = PBXVariantGroup;
			children = (
				47081B751CEFB53300F47937 /* Base */,
			);
			name = LaunchScreen.storyboard;
			sourceTree = "<group>";
		};
/* End PBXVariantGroup section */

/* Begin XCBuildConfiguration section */
		47081B781CEFB53300F47937 /* Debug */ = {
			isa = XCBuildConfiguration;
			buildSettings = {
				ALWAYS_SEARCH_USER_PATHS = NO;
				CLANG_ANALYZER_NONNULL = YES;
				CLANG_CXX_LANGUAGE_STANDARD = "gnu++0x";
				CLANG_CXX_LIBRARY = "libc++";
				CLANG_ENABLE_MODULES = YES;
				CLANG_ENABLE_OBJC_ARC = YES;
				CLANG_WARN_BOOL_CONVERSION = YES;
				CLANG_WARN_CONSTANT_CONVERSION = YES;
				CLANG_WARN_DIRECT_OBJC_ISA_USAGE = YES_ERROR;
				CLANG_WARN_EMPTY_BODY = YES;
				CLANG_WARN_ENUM_CONVERSION = YES;
				CLANG_WARN_INT_CONVERSION = YES;
				CLANG_WARN_OBJC_ROOT_CLASS = YES_ERROR;
				CLANG_WARN_UNREACHABLE_CODE = YES;
				CLANG_WARN__DUPLICATE_METHOD_MATCH = YES;
				"CODE_SIGN_IDENTITY[sdk=iphoneos*]" = "iPhone Developer";
				COPY_PHASE_STRIP = NO;
				DEBUG_INFORMATION_FORMAT = dwarf;
				ENABLE_STRICT_OBJC_MSGSEND = YES;
				ENABLE_TESTABILITY = YES;
				GCC_C_LANGUAGE_STANDARD = gnu99;
				GCC_DYNAMIC_NO_PIC = NO;
				GCC_NO_COMMON_BLOCKS = YES;
				GCC_OPTIMIZATION_LEVEL = 0;
				GCC_PREPROCESSOR_DEFINITIONS = (
					"DEBUG=1",
					"$(inherited)",
				);
				GCC_WARN_64_TO_32_BIT_CONVERSION = YES;
				GCC_WARN_ABOUT_RETURN_TYPE = YES_ERROR;
				GCC_WARN_UNDECLARED_SELECTOR = YES;
				GCC_WARN_UNINITIALIZED_AUTOS = YES_AGGRESSIVE;
				GCC_WARN_UNUSED_FUNCTION = YES;
				GCC_WARN_UNUSED_VARIABLE = YES;
				IPHONEOS_DEPLOYMENT_TARGET = 9.3;
				MTL_ENABLE_DEBUG_INFO = YES;
				ONLY_ACTIVE_ARCH = YES;
				SDKROOT = iphoneos;
				SWIFT_OPTIMIZATION_LEVEL = "-Onone";
			};
			name = Debug;
		};
		47081B791CEFB53300F47937 /* Release */ = {
			isa = XCBuildConfiguration;
			buildSettings = {
				ALWAYS_SEARCH_USER_PATHS = NO;
				CLANG_ANALYZER_NONNULL = YES;
				CLANG_CXX_LANGUAGE_STANDARD = "gnu++0x";
				CLANG_CXX_LIBRARY = "libc++";
				CLANG_ENABLE_MODULES = YES;
				CLANG_ENABLE_OBJC_ARC = YES;
				CLANG_WARN_BOOL_CONVERSION = YES;
				CLANG_WARN_CONSTANT_CONVERSION = YES;
				CLANG_WARN_DIRECT_OBJC_ISA_USAGE = YES_ERROR;
				CLANG_WARN_EMPTY_BODY = YES;
				CLANG_WARN_ENUM_CONVERSION = YES;
				CLANG_WARN_INT_CONVERSION = YES;
				CLANG_WARN_OBJC_ROOT_CLASS = YES_ERROR;
				CLANG_WARN_UNREACHABLE_CODE = YES;
				CLANG_WARN__DUPLICATE_METHOD_MATCH = YES;
				"CODE_SIGN_IDENTITY[sdk=iphoneos*]" = "iPhone Developer";
				COPY_PHASE_STRIP = NO;
				DEBUG_INFORMATION_FORMAT = "dwarf-with-dsym";
				ENABLE_NS_ASSERTIONS = NO;
				ENABLE_STRICT_OBJC_MSGSEND = YES;
				GCC_C_LANGUAGE_STANDARD = gnu99;
				GCC_NO_COMMON_BLOCKS = YES;
				GCC_WARN_64_TO_32_BIT_CONVERSION = YES;
				GCC_WARN_ABOUT_RETURN_TYPE = YES_ERROR;
				GCC_WARN_UNDECLARED_SELECTOR = YES;
				GCC_WARN_UNINITIALIZED_AUTOS = YES_AGGRESSIVE;
				GCC_WARN_UNUSED_FUNCTION = YES;
				GCC_WARN_UNUSED_VARIABLE = YES;
				IPHONEOS_DEPLOYMENT_TARGET = 9.3;
				MTL_ENABLE_DEBUG_INFO = NO;
				SDKROOT = iphoneos;
				VALIDATE_PRODUCT = YES;
			};
			name = Release;
		};
		47081B7B1CEFB53300F47937 /* Debug */ = {
			isa = XCBuildConfiguration;
			buildSettings = {
				ASSETCATALOG_COMPILER_APPICON_NAME = AppIcon;
				INFOPLIST_FILE = FoldingCellTest/Info.plist;
				LD_RUNPATH_SEARCH_PATHS = "$(inherited) @executable_path/Frameworks";
				PRODUCT_BUNDLE_IDENTIFIER = jped.FoldingCellTest;
				PRODUCT_NAME = "$(TARGET_NAME)";
				SWIFT_VERSION = 3.0;
			};
			name = Debug;
		};
		47081B7C1CEFB53300F47937 /* Release */ = {
			isa = XCBuildConfiguration;
			buildSettings = {
				ASSETCATALOG_COMPILER_APPICON_NAME = AppIcon;
				INFOPLIST_FILE = FoldingCellTest/Info.plist;
				LD_RUNPATH_SEARCH_PATHS = "$(inherited) @executable_path/Frameworks";
				PRODUCT_BUNDLE_IDENTIFIER = jped.FoldingCellTest;
				PRODUCT_NAME = "$(TARGET_NAME)";
				SWIFT_VERSION = 3.0;
			};
			name = Release;
		};
/* End XCBuildConfiguration section */

/* Begin XCConfigurationList section */
		47081B631CEFB53300F47937 /* Build configuration list for PBXProject "FoldingCellTest" */ = {
			isa = XCConfigurationList;
			buildConfigurations = (
				47081B781CEFB53300F47937 /* Debug */,
				47081B791CEFB53300F47937 /* Release */,
			);
			defaultConfigurationIsVisible = 0;
			defaultConfigurationName = Release;
		};
		47081B7A1CEFB53300F47937 /* Build configuration list for PBXNativeTarget "FoldingCellTest" */ = {
			isa = XCConfigurationList;
			buildConfigurations = (
				47081B7B1CEFB53300F47937 /* Debug */,
				47081B7C1CEFB53300F47937 /* Release */,
			);
			defaultConfigurationIsVisible = 0;
			defaultConfigurationName = Release;
		};
/* End XCConfigurationList section */
	};
	rootObject = 47081B601CEFB53300F47937 /* Project object */;
}
