// !$*UTF8*$!
{
	archiveVersion = 1;
	classes = {
	};
	objectVersion = 46;
	objects = {

/* Begin PBXBuildFile section */
		47A897D31CCAB21D00D6A658 /* AppDelegate.swift in Sources */ = {isa = PBXBuildFile; fileRef = 47A897D21CCAB21D00D6A658 /* AppDelegate.swift */; };
		47A897D51CCAB21D00D6A658 /* ViewController.swift in Sources */ = {isa = PBXBuildFile; fileRef = 47A897D41CCAB21D00D6A658 /* ViewController.swift */; };
		47A897D81CCAB21D00D6A658 /* Main.storyboard in Resources */ = {isa = PBXBuildFile; fileRef = 47A897D61CCAB21D00D6A658 /* Main.storyboard */; };
		47A897DA1CCAB21D00D6A658 /* Assets.xcassets in Resources */ = {isa = PBXBuildFile; fileRef = 47A897D91CCAB21D00D6A658 /* Assets.xcassets */; };
		47A897DD1CCAB21D00D6A658 /* LaunchScreen.storyboard in Resources */ = {isa = PBXBuildFile; fileRef = 47A897DB1CCAB21D00D6A658 /* LaunchScreen.storyboard */; };
		47A897E51CCAB2EC00D6A658 /* MotionKit.swift in Sources */ = {isa = PBXBuildFile; fileRef = 47A897E41CCAB2EC00D6A658 /* MotionKit.swift */; };
		47A897E71CCAC34000D6A658 /* a.jpg in Resources */ = {isa = PBXBuildFile; fileRef = 47A897E61CCAC34000D6A658 /* a.jpg */; };
/* End PBXBuildFile section */

/* Begin PBXFileReference section */
		47A897CF1CCAB21D00D6A658 /* Level.app */ = {isa = PBXFileReference; explicitFileType = wrapper.application; includeInIndex = 0; path = Level.app; sourceTree = BUILT_PRODUCTS_DIR; };
		47A897D21CCAB21D00D6A658 /* AppDelegate.swift */ = {isa = PBXFileReference; lastKnownFileType = sourcecode.swift; path = AppDelegate.swift; sourceTree = "<group>"; };
		47A897D41CCAB21D00D6A658 /* ViewController.swift */ = {isa = PBXFileReference; lastKnownFileType = sourcecode.swift; path = ViewController.swift; sourceTree = "<group>"; };
		47A897D71CCAB21D00D6A658 /* Base */ = {isa = PBXFileReference; lastKnownFileType = file.storyboard; name = Base; path = Base.lproj/Main.storyboard; sourceTree = "<group>"; };
		47A897D91CCAB21D00D6A658 /* Assets.xcassets */ = {isa = PBXFileReference; lastKnownFileType = folder.assetcatalog; path = Assets.xcassets; sourceTree = "<group>"; };
		47A897DC1CCAB21D00D6A658 /* Base */ = {isa = PBXFileReference; lastKnownFileType = file.storyboard; name = Base; path = Base.lproj/LaunchScreen.storyboard; sourceTree = "<group>"; };
		47A897DE1CCAB21D00D6A658 /* Info.plist */ = {isa = PBXFileReference; lastKnownFileType = text.plist.xml; path = Info.plist; sourceTree = "<group>"; };
		47A897E41CCAB2EC00D6A658 /* MotionKit.swift */ = {isa = PBXFileReference; fileEncoding = 4; lastKnownFileType = sourcecode.swift; path = MotionKit.swift; sourceTree = "<group>"; };
		47A897E61CCAC34000D6A658 /* a.jpg */ = {isa = PBXFileReference; lastKnownFileType = image.jpeg; path = a.jpg; sourceTree = "<group>"; };
/* End PBXFileReference section */

/* Begin PBXFrameworksBuildPhase section */
		47A897CC1CCAB21D00D6A658 /* Frameworks */ = {
			isa = PBXFrameworksBuildPhase;
			buildActionMask = 2147483647;
			files = (
			);
			runOnlyForDeploymentPostprocessing = 0;
		};
/* End PBXFrameworksBuildPhase section */

/* Begin PBXGroup section */
		47A897C61CCAB21D00D6A658 = {
			isa = PBXGroup;
			children = (
				47A897D11CCAB21D00D6A658 /* Level */,
				47A897D01CCAB21D00D6A658 /* Products */,
			);
			sourceTree = "<group>";
		};
		47A897D01CCAB21D00D6A658 /* Products */ = {
			isa = PBXGroup;
			children = (
				47A897CF1CCAB21D00D6A658 /* Level.app */,
			);
			name = Products;
			sourceTree = "<group>";
		};
		47A897D11CCAB21D00D6A658 /* Level */ = {
			isa = PBXGroup;
			children = (
				47A897D21CCAB21D00D6A658 /* AppDelegate.swift */,
				47A897D41CCAB21D00D6A658 /* ViewController.swift */,
				47A897D61CCAB21D00D6A658 /* Main.storyboard */,
				47A897E41CCAB2EC00D6A658 /* MotionKit.swift */,
				47A897E61CCAC34000D6A658 /* a.jpg */,
				47A897D91CCAB21D00D6A658 /* Assets.xcassets */,
				47A897DB1CCAB21D00D6A658 /* LaunchScreen.storyboard */,
				47A897DE1CCAB21D00D6A658 /* Info.plist */,
			);
			path = Level;
			sourceTree = "<group>";
		};
/* End PBXGroup section */

/* Begin PBXNativeTarget section */
		47A897CE1CCAB21D00D6A658 /* Level */ = {
			isa = PBXNativeTarget;
			buildConfigurationList = 47A897E11CCAB21D00D6A658 /* Build configuration list for PBXNativeTarget "Level" */;
			buildPhases = (
				47A897CB1CCAB21D00D6A658 /* Sources */,
				47A897CC1CCAB21D00D6A658 /* Frameworks */,
				47A897CD1CCAB21D00D6A658 /* Resources */,
			);
			buildRules = (
			);
			dependencies = (
			);
			name = Level;
			productName = Level;
			productReference = 47A897CF1CCAB21D00D6A658 /* Level.app */;
			productType = "com.apple.product-type.application";
		};
/* End PBXNativeTarget section */

/* Begin PBXProject section */
		47A897C71CCAB21D00D6A658 /* Project object */ = {
			isa = PBXProject;
			attributes = {
				LastSwiftUpdateCheck = 0730;
				LastUpgradeCheck = 0730;
				ORGANIZATIONNAME = "John Peden";
				TargetAttributes = {
					47A897CE1CCAB21D00D6A658 = {
						CreatedOnToolsVersion = 7.3;
					};
				};
			};
			buildConfigurationList = 47A897CA1CCAB21D00D6A658 /* Build configuration list for PBXProject "Level" */;
			compatibilityVersion = "Xcode 3.2";
			developmentRegion = English;
			hasScannedForEncodings = 0;
			knownRegions = (
				en,
				Base,
			);
			mainGroup = 47A897C61CCAB21D00D6A658;
			productRefGroup = 47A897D01CCAB21D00D6A658 /* Products */;
			projectDirPath = "";
			projectRoot = "";
			targets = (
				47A897CE1CCAB21D00D6A658 /* Level */,
			);
		};
/* End PBXProject section */

/* Begin PBXResourcesBuildPhase section */
		47A897CD1CCAB21D00D6A658 /* Resources */ = {
			isa = PBXResourcesBuildPhase;
			buildActionMask = 2147483647;
			files = (
				47A897E71CCAC34000D6A658 /* a.jpg in Resources */,
				47A897DD1CCAB21D00D6A658 /* LaunchScreen.storyboard in Resources */,
				47A897DA1CCAB21D00D6A658 /* Assets.xcassets in Resources */,
				47A897D81CCAB21D00D6A658 /* Main.storyboard in Resources */,
			);
			runOnlyForDeploymentPostprocessing = 0;
		};
/* End PBXResourcesBuildPhase section */

/* Begin PBXSourcesBuildPhase section */
		47A897CB1CCAB21D00D6A658 /* Sources */ = {
			isa = PBXSourcesBuildPhase;
			buildActionMask = 2147483647;
			files = (
				47A897D51CCAB21D00D6A658 /* ViewController.swift in Sources */,
				47A897D31CCAB21D00D6A658 /* AppDelegate.swift in Sources */,
				47A897E51CCAB2EC00D6A658 /* MotionKit.swift in Sources */,
			);
			runOnlyForDeploymentPostprocessing = 0;
		};
/* End PBXSourcesBuildPhase section */

/* Begin PBXVariantGroup section */
		47A897D61CCAB21D00D6A658 /* Main.storyboard */ = {
			isa = PBXVariantGroup;
			children = (
				47A897D71CCAB21D00D6A658 /* Base */,
			);
			name = Main.storyboard;
			sourceTree = "<group>";
		};
		47A897DB1CCAB21D00D6A658 /* LaunchScreen.storyboard */ = {
			isa = PBXVariantGroup;
			children = (
				47A897DC1CCAB21D00D6A658 /* Base */,
			);
			name = LaunchScreen.storyboard;
			sourceTree = "<group>";
		};
/* End PBXVariantGroup section */

/* Begin XCBuildConfiguration section */
		47A897DF1CCAB21D00D6A658 /* Debug */ = {
			isa = XCBuildConfiguration;
			buildSettings = {
				ALWAYS_SEARCH_USER_PATHS = NO;
				CLANG_ANALYZER_NONNULL = YES;
				CLANG_CXX_LANGUAGE_STANDARD = "gnu++0x";
				CLANG_CXX_LIBRARY = "libc++";
				CLANG_ENABLE_MODULES = YES;
				CLANG_ENABLE_OBJC_ARC = YES;
				CLANG_WARN_BOOL_CONVERSION = YES;
				CLANG_WARN_CONSTANT_CONVERSION = YES;
				CLANG_WARN_DIRECT_OBJC_ISA_USAGE = YES_ERROR;
				CLANG_WARN_EMPTY_BODY = YES;
				CLANG_WARN_ENUM_CONVERSION = YES;
				CLANG_WARN_INT_CONVERSION = YES;
				CLANG_WARN_OBJC_ROOT_CLASS = YES_ERROR;
				CLANG_WARN_UNREACHABLE_CODE = YES;
				CLANG_WARN__DUPLICATE_METHOD_MATCH = YES;
				"CODE_SIGN_IDENTITY[sdk=iphoneos*]" = "iPhone Developer";
				COPY_PHASE_STRIP = NO;
				DEBUG_INFORMATION_FORMAT = dwarf;
				ENABLE_STRICT_OBJC_MSGSEND = YES;
				ENABLE_TESTABILITY = YES;
				GCC_C_LANGUAGE_STANDARD = gnu99;
				GCC_DYNAMIC_NO_PIC = NO;
				GCC_NO_COMMON_BLOCKS = YES;
				GCC_OPTIMIZATION_LEVEL = 0;
				GCC_PREPROCESSOR_DEFINITIONS = (
					"DEBUG=1",
					"$(inherited)",
				);
				GCC_WARN_64_TO_32_BIT_CONVERSION = YES;
				GCC_WARN_ABOUT_RETURN_TYPE = YES_ERROR;
				GCC_WARN_UNDECLARED_SELECTOR = YES;
				GCC_WARN_UNINITIALIZED_AUTOS = YES_AGGRESSIVE;
				GCC_WARN_UNUSED_FUNCTION = YES;
				GCC_WARN_UNUSED_VARIABLE = YES;
				IPHONEOS_DEPLOYMENT_TARGET = 9.3;
				MTL_ENABLE_DEBUG_INFO = YES;
				ONLY_ACTIVE_ARCH = YES;
				SDKROOT = iphoneos;
				SWIFT_OPTIMIZATION_LEVEL = "-Onone";
			};
			name = Debug;
		};
		47A897E01CCAB21D00D6A658 /* Release */ = {
			isa = XCBuildConfiguration;
			buildSettings = {
				ALWAYS_SEARCH_USER_PATHS = NO;
				CLANG_ANALYZER_NONNULL = YES;
				CLANG_CXX_LANGUAGE_STANDARD = "gnu++0x";
				CLANG_CXX_LIBRARY = "libc++";
				CLANG_ENABLE_MODULES = YES;
				CLANG_ENABLE_OBJC_ARC = YES;
				CLANG_WARN_BOOL_CONVERSION = YES;
				CLANG_WARN_CONSTANT_CONVERSION = YES;
				CLANG_WARN_DIRECT_OBJC_ISA_USAGE = YES_ERROR;
				CLANG_WARN_EMPTY_BODY = YES;
				CLANG_WARN_ENUM_CONVERSION = YES;
				CLANG_WARN_INT_CONVERSION = YES;
				CLANG_WARN_OBJC_ROOT_CLASS = YES_ERROR;
				CLANG_WARN_UNREACHABLE_CODE = YES;
				CLANG_WARN__DUPLICATE_METHOD_MATCH = YES;
				"CODE_SIGN_IDENTITY[sdk=iphoneos*]" = "iPhone Developer";
				COPY_PHASE_STRIP = NO;
				DEBUG_INFORMATION_FORMAT = "dwarf-with-dsym";
				ENABLE_NS_ASSERTIONS = NO;
				ENABLE_STRICT_OBJC_MSGSEND = YES;
				GCC_C_LANGUAGE_STANDARD = gnu99;
				GCC_NO_COMMON_BLOCKS = YES;
				GCC_WARN_64_TO_32_BIT_CONVERSION = YES;
				GCC_WARN_ABOUT_RETURN_TYPE = YES_ERROR;
				GCC_WARN_UNDECLARED_SELECTOR = YES;
				GCC_WARN_UNINITIALIZED_AUTOS = YES_AGGRESSIVE;
				GCC_WARN_UNUSED_FUNCTION = YES;
				GCC_WARN_UNUSED_VARIABLE = YES;
				IPHONEOS_DEPLOYMENT_TARGET = 9.3;
				MTL_ENABLE_DEBUG_INFO = NO;
				SDKROOT = iphoneos;
				VALIDATE_PRODUCT = YES;
			};
			name = Release;
		};
		47A897E21CCAB21D00D6A658 /* Debug */ = {
			isa = XCBuildConfiguration;
			buildSettings = {
				ASSETCATALOG_COMPILER_APPICON_NAME = AppIcon;
				INFOPLIST_FILE = Level/Info.plist;
				LD_RUNPATH_SEARCH_PATHS = "$(inherited) @executable_path/Frameworks";
				PRODUCT_BUNDLE_IDENTIFIER = jped.Level;
				PRODUCT_NAME = "$(TARGET_NAME)";
			};
			name = Debug;
		};
		47A897E31CCAB21D00D6A658 /* Release */ = {
			isa = XCBuildConfiguration;
			buildSettings = {
				ASSETCATALOG_COMPILER_APPICON_NAME = AppIcon;
				INFOPLIST_FILE = Level/Info.plist;
				LD_RUNPATH_SEARCH_PATHS = "$(inherited) @executable_path/Frameworks";
				PRODUCT_BUNDLE_IDENTIFIER = jped.Level;
				PRODUCT_NAME = "$(TARGET_NAME)";
			};
			name = Release;
		};
/* End XCBuildConfiguration section */

/* Begin XCConfigurationList section */
		47A897CA1CCAB21D00D6A658 /* Build configuration list for PBXProject "Level" */ = {
			isa = XCConfigurationList;
			buildConfigurations = (
				47A897DF1CCAB21D00D6A658 /* Debug */,
				47A897E01CCAB21D00D6A658 /* Release */,
			);
			defaultConfigurationIsVisible = 0;
			defaultConfigurationName = Release;
		};
		47A897E11CCAB21D00D6A658 /* Build configuration list for PBXNativeTarget "Level" */ = {
			isa = XCConfigurationList;
			buildConfigurations = (
				47A897E21CCAB21D00D6A658 /* Debug */,
				47A897E31CCAB21D00D6A658 /* Release */,
			);
			defaultConfigurationIsVisible = 0;
			defaultConfigurationName = Release;
		};
/* End XCConfigurationList section */
	};
	rootObject = 47A897C71CCAB21D00D6A658 /* Project object */;
}
